// !$*UTF8*$!
{
	archiveVersion = 1;
	classes = {
	};
	objectVersion = 50;
	objects = {

/* Begin PBXBuildFile section */
		A438952C2605197F00D94865 /* Recipe_Chef.swift in Sources */ = {isa = PBXBuildFile; fileRef = A438952B2605197F00D94865 /* Recipe_Chef.swift */; };
		A438952E2605197F00D94865 /* RecipeListView.swift in Sources */ = {isa = PBXBuildFile; fileRef = A438952D2605197F00D94865 /* RecipeListView.swift */; };
		A43895302605198700D94865 /* Assets.xcassets in Resources */ = {isa = PBXBuildFile; fileRef = A438952F2605198700D94865 /* Assets.xcassets */; };
		A43895332605198700D94865 /* Preview Assets.xcassets in Resources */ = {isa = PBXBuildFile; fileRef = A43895322605198700D94865 /* Preview Assets.xcassets */; };
		A438954226051A5600D94865 /* Recipe.swift in Sources */ = {isa = PBXBuildFile; fileRef = A438954126051A5600D94865 /* Recipe.swift */; };
		A438954626051BEA00D94865 /* recipes.json in Resources */ = {isa = PBXBuildFile; fileRef = A438954526051BEA00D94865 /* recipes.json */; };
		A438954926051D1600D94865 /* RecipeModel.swift in Sources */ = {isa = PBXBuildFile; fileRef = A438954826051D1600D94865 /* RecipeModel.swift */; };
		A438954C26052A1500D94865 /* DataService.swift in Sources */ = {isa = PBXBuildFile; fileRef = A438954B26052A1400D94865 /* DataService.swift */; };
		A438955026063FE200D94865 /* RecipeDetailsView.swift in Sources */ = {isa = PBXBuildFile; fileRef = A438954F26063FE200D94865 /* RecipeDetailsView.swift */; };
		A44E31CB26115F9200552ABC /* Rational.swift in Sources */ = {isa = PBXBuildFile; fileRef = A44E31CA26115F9200552ABC /* Rational.swift */; };
		A4FDE075260936270067BA0B /* RecipeTabView.swift in Sources */ = {isa = PBXBuildFile; fileRef = A4FDE074260936270067BA0B /* RecipeTabView.swift */; };
		A4FDE094260B89080067BA0B /* RecipeFeaturedView.swift in Sources */ = {isa = PBXBuildFile; fileRef = A4FDE093260B89080067BA0B /* RecipeFeaturedView.swift */; };
/* End PBXBuildFile section */

/* Begin PBXFileReference section */
		A43895282605197F00D94865 /* Recipe Chef.app */ = {isa = PBXFileReference; explicitFileType = wrapper.application; includeInIndex = 0; path = "Recipe Chef.app"; sourceTree = BUILT_PRODUCTS_DIR; };
		A438952B2605197F00D94865 /* Recipe_Chef.swift */ = {isa = PBXFileReference; lastKnownFileType = sourcecode.swift; path = Recipe_Chef.swift; sourceTree = "<group>"; };
		A438952D2605197F00D94865 /* RecipeListView.swift */ = {isa = PBXFileReference; lastKnownFileType = sourcecode.swift; path = RecipeListView.swift; sourceTree = "<group>"; };
		A438952F2605198700D94865 /* Assets.xcassets */ = {isa = PBXFileReference; lastKnownFileType = folder.assetcatalog; path = Assets.xcassets; sourceTree = "<group>"; };
		A43895322605198700D94865 /* Preview Assets.xcassets */ = {isa = PBXFileReference; lastKnownFileType = folder.assetcatalog; path = "Preview Assets.xcassets"; sourceTree = "<group>"; };
		A43895342605198700D94865 /* Info.plist */ = {isa = PBXFileReference; lastKnownFileType = text.plist.xml; path = Info.plist; sourceTree = "<group>"; };
		A438954126051A5600D94865 /* Recipe.swift */ = {isa = PBXFileReference; lastKnownFileType = sourcecode.swift; path = Recipe.swift; sourceTree = "<group>"; };
		A438954526051BEA00D94865 /* recipes.json */ = {isa = PBXFileReference; fileEncoding = 4; lastKnownFileType = text.json; path = recipes.json; sourceTree = "<group>"; };
		A438954826051D1600D94865 /* RecipeModel.swift */ = {isa = PBXFileReference; lastKnownFileType = sourcecode.swift; path = RecipeModel.swift; sourceTree = "<group>"; };
		A438954B26052A1400D94865 /* DataService.swift */ = {isa = PBXFileReference; lastKnownFileType = sourcecode.swift; path = DataService.swift; sourceTree = "<group>"; };
		A438954F26063FE200D94865 /* RecipeDetailsView.swift */ = {isa = PBXFileReference; lastKnownFileType = sourcecode.swift; path = RecipeDetailsView.swift; sourceTree = "<group>"; };
		A44E31CA26115F9200552ABC /* Rational.swift */ = {isa = PBXFileReference; lastKnownFileType = sourcecode.swift; path = Rational.swift; sourceTree = "<group>"; };
		A4FDE074260936270067BA0B /* RecipeTabView.swift */ = {isa = PBXFileReference; lastKnownFileType = sourcecode.swift; path = RecipeTabView.swift; sourceTree = "<group>"; };
		A4FDE093260B89080067BA0B /* RecipeFeaturedView.swift */ = {isa = PBXFileReference; lastKnownFileType = sourcecode.swift; path = RecipeFeaturedView.swift; sourceTree = "<group>"; };
/* End PBXFileReference section */

/* Begin PBXFrameworksBuildPhase section */
		A43895252605197F00D94865 /* Frameworks */ = {
			isa = PBXFrameworksBuildPhase;
			buildActionMask = 2147483647;
			files = (
			);
			runOnlyForDeploymentPostprocessing = 0;
		};
/* End PBXFrameworksBuildPhase section */

/* Begin PBXGroup section */
		A438951F2605197E00D94865 = {
			isa = PBXGroup;
			children = (
				A438952A2605197F00D94865 /* Recipe Chef */,
				A43895292605197F00D94865 /* Products */,
			);
			sourceTree = "<group>";
		};
		A43895292605197F00D94865 /* Products */ = {
			isa = PBXGroup;
			children = (
				A43895282605197F00D94865 /* Recipe Chef.app */,
			);
			name = Products;
			sourceTree = "<group>";
		};
		A438952A2605197F00D94865 /* Recipe Chef */ = {
			isa = PBXGroup;
			children = (
				A438952B2605197F00D94865 /* Recipe_Chef.swift */,
				A438953D260519AE00D94865 /* Views */,
				A438953E260519BA00D94865 /* ViewModels */,
				A438953F260519C300D94865 /* Models */,
				A438953B2605199200D94865 /* Services */,
				A4389540260519CF00D94865 /* Data */,
				A44E31C926115E6F00552ABC /* Utilities */,
				A438952F2605198700D94865 /* Assets.xcassets */,
				A43895342605198700D94865 /* Info.plist */,
				A43895312605198700D94865 /* Preview Content */,
			);
			path = "Recipe Chef";
			sourceTree = "<group>";
		};
		A43895312605198700D94865 /* Preview Content */ = {
			isa = PBXGroup;
			children = (
				A43895322605198700D94865 /* Preview Assets.xcassets */,
			);
			path = "Preview Content";
			sourceTree = "<group>";
		};
		A438953B2605199200D94865 /* Services */ = {
			isa = PBXGroup;
			children = (
				A438954B26052A1400D94865 /* DataService.swift */,
			);
			path = Services;
			sourceTree = "<group>";
		};
		A438953D260519AE00D94865 /* Views */ = {
			isa = PBXGroup;
			children = (
				A438952D2605197F00D94865 /* RecipeListView.swift */,
				A438954F26063FE200D94865 /* RecipeDetailsView.swift */,
				A4FDE074260936270067BA0B /* RecipeTabView.swift */,
				A4FDE093260B89080067BA0B /* RecipeFeaturedView.swift */,
			);
			path = Views;
			sourceTree = "<group>";
		};
		A438953E260519BA00D94865 /* ViewModels */ = {
			isa = PBXGroup;
			children = (
				A438954826051D1600D94865 /* RecipeModel.swift */,
			);
			path = ViewModels;
			sourceTree = "<group>";
		};
		A438953F260519C300D94865 /* Models */ = {
			isa = PBXGroup;
			children = (
				A438954126051A5600D94865 /* Recipe.swift */,
			);
			path = Models;
			sourceTree = "<group>";
		};
		A4389540260519CF00D94865 /* Data */ = {
			isa = PBXGroup;
			children = (
				A438954526051BEA00D94865 /* recipes.json */,
			);
			path = Data;
			sourceTree = "<group>";
		};
		A44E31C926115E6F00552ABC /* Utilities */ = {
			isa = PBXGroup;
			children = (
				A44E31CA26115F9200552ABC /* Rational.swift */,
			);
			path = Utilities;
			sourceTree = "<group>";
		};
/* End PBXGroup section */

/* Begin PBXNativeTarget section */
		A43895272605197F00D94865 /* Recipe Chef */ = {
			isa = PBXNativeTarget;
			buildConfigurationList = A43895372605198700D94865 /* Build configuration list for PBXNativeTarget "Recipe Chef" */;
			buildPhases = (
				A43895242605197F00D94865 /* Sources */,
				A43895252605197F00D94865 /* Frameworks */,
				A43895262605197F00D94865 /* Resources */,
			);
			buildRules = (
			);
			dependencies = (
			);
			name = "Recipe Chef";
			productName = "Recipe Chef";
			productReference = A43895282605197F00D94865 /* Recipe Chef.app */;
			productType = "com.apple.product-type.application";
		};
/* End PBXNativeTarget section */

/* Begin PBXProject section */
		A43895202605197E00D94865 /* Project object */ = {
			isa = PBXProject;
			attributes = {
				LastSwiftUpdateCheck = 1240;
				LastUpgradeCheck = 1240;
				TargetAttributes = {
					A43895272605197F00D94865 = {
						CreatedOnToolsVersion = 12.4;
					};
				};
			};
			buildConfigurationList = A43895232605197E00D94865 /* Build configuration list for PBXProject "Recipe Chef" */;
			compatibilityVersion = "Xcode 9.3";
			developmentRegion = en;
			hasScannedForEncodings = 0;
			knownRegions = (
				en,
				Base,
			);
			mainGroup = A438951F2605197E00D94865;
			productRefGroup = A43895292605197F00D94865 /* Products */;
			projectDirPath = "";
			projectRoot = "";
			targets = (
				A43895272605197F00D94865 /* Recipe Chef */,
			);
		};
/* End PBXProject section */

/* Begin PBXResourcesBuildPhase section */
		A43895262605197F00D94865 /* Resources */ = {
			isa = PBXResourcesBuildPhase;
			buildActionMask = 2147483647;
			files = (
				A43895332605198700D94865 /* Preview Assets.xcassets in Resources */,
				A438954626051BEA00D94865 /* recipes.json in Resources */,
				A43895302605198700D94865 /* Assets.xcassets in Resources */,
			);
			runOnlyForDeploymentPostprocessing = 0;
		};
/* End PBXResourcesBuildPhase section */

/* Begin PBXSourcesBuildPhase section */
		A43895242605197F00D94865 /* Sources */ = {
			isa = PBXSourcesBuildPhase;
			buildActionMask = 2147483647;
			files = (
				A438954226051A5600D94865 /* Recipe.swift in Sources */,
				A438955026063FE200D94865 /* RecipeDetailsView.swift in Sources */,
				A44E31CB26115F9200552ABC /* Rational.swift in Sources */,
				A438954926051D1600D94865 /* RecipeModel.swift in Sources */,
				A438952E2605197F00D94865 /* RecipeListView.swift in Sources */,
				A438952C2605197F00D94865 /* Recipe_Chef.swift in Sources */,
				A438954C26052A1500D94865 /* DataService.swift in Sources */,
				A4FDE094260B89080067BA0B /* RecipeFeaturedView.swift in Sources */,
				A4FDE075260936270067BA0B /* RecipeTabView.swift in Sources */,
			);
			runOnlyForDeploymentPostprocessing = 0;
		};
/* End PBXSourcesBuildPhase section */

/* Begin XCBuildConfiguration section */
		A43895352605198700D94865 /* Debug */ = {
			isa = XCBuildConfiguration;
			buildSettings = {
				ALWAYS_SEARCH_USER_PATHS = NO;
				CLANG_ANALYZER_NONNULL = YES;
				CLANG_ANALYZER_NUMBER_OBJECT_CONVERSION = YES_AGGRESSIVE;
				CLANG_CXX_LANGUAGE_STANDARD = "gnu++14";
				CLANG_CXX_LIBRARY = "libc++";
				CLANG_ENABLE_MODULES = YES;
				CLANG_ENABLE_OBJC_ARC = YES;
				CLANG_ENABLE_OBJC_WEAK = YES;
				CLANG_WARN_BLOCK_CAPTURE_AUTORELEASING = YES;
				CLANG_WARN_BOOL_CONVERSION = YES;
				CLANG_WARN_COMMA = YES;
				CLANG_WARN_CONSTANT_CONVERSION = YES;
				CLANG_WARN_DEPRECATED_OBJC_IMPLEMENTATIONS = YES;
				CLANG_WARN_DIRECT_OBJC_ISA_USAGE = YES_ERROR;
				CLANG_WARN_DOCUMENTATION_COMMENTS = YES;
				CLANG_WARN_EMPTY_BODY = YES;
				CLANG_WARN_ENUM_CONVERSION = YES;
				CLANG_WARN_INFINITE_RECURSION = YES;
				CLANG_WARN_INT_CONVERSION = YES;
				CLANG_WARN_NON_LITERAL_NULL_CONVERSION = YES;
				CLANG_WARN_OBJC_IMPLICIT_RETAIN_SELF = YES;
				CLANG_WARN_OBJC_LITERAL_CONVERSION = YES;
				CLANG_WARN_OBJC_ROOT_CLASS = YES_ERROR;
				CLANG_WARN_QUOTED_INCLUDE_IN_FRAMEWORK_HEADER = YES;
				CLANG_WARN_RANGE_LOOP_ANALYSIS = YES;
				CLANG_WARN_STRICT_PROTOTYPES = YES;
				CLANG_WARN_SUSPICIOUS_MOVE = YES;
				CLANG_WARN_UNGUARDED_AVAILABILITY = YES_AGGRESSIVE;
				CLANG_WARN_UNREACHABLE_CODE = YES;
				CLANG_WARN__DUPLICATE_METHOD_MATCH = YES;
				COPY_PHASE_STRIP = NO;
				DEBUG_INFORMATION_FORMAT = dwarf;
				ENABLE_STRICT_OBJC_MSGSEND = YES;
				ENABLE_TESTABILITY = YES;
				GCC_C_LANGUAGE_STANDARD = gnu11;
				GCC_DYNAMIC_NO_PIC = NO;
				GCC_NO_COMMON_BLOCKS = YES;
				GCC_OPTIMIZATION_LEVEL = 0;
				GCC_PREPROCESSOR_DEFINITIONS = (
					"DEBUG=1",
					"$(inherited)",
				);
				GCC_WARN_64_TO_32_BIT_CONVERSION = YES;
				GCC_WARN_ABOUT_RETURN_TYPE = YES_ERROR;
				GCC_WARN_UNDECLARED_SELECTOR = YES;
				GCC_WARN_UNINITIALIZED_AUTOS = YES_AGGRESSIVE;
				GCC_WARN_UNUSED_FUNCTION = YES;
				GCC_WARN_UNUSED_VARIABLE = YES;
				IPHONEOS_DEPLOYMENT_TARGET = 14.4;
				MTL_ENABLE_DEBUG_INFO = INCLUDE_SOURCE;
				MTL_FAST_MATH = YES;
				ONLY_ACTIVE_ARCH = YES;
				SDKROOT = iphoneos;
				SWIFT_ACTIVE_COMPILATION_CONDITIONS = DEBUG;
				SWIFT_OPTIMIZATION_LEVEL = "-Onone";
			};
			name = Debug;
		};
		A43895362605198700D94865 /* Release */ = {
			isa = XCBuildConfiguration;
			buildSettings = {
				ALWAYS_SEARCH_USER_PATHS = NO;
				CLANG_ANALYZER_NONNULL = YES;
				CLANG_ANALYZER_NUMBER_OBJECT_CONVERSION = YES_AGGRESSIVE;
				CLANG_CXX_LANGUAGE_STANDARD = "gnu++14";
				CLANG_CXX_LIBRARY = "libc++";
				CLANG_ENABLE_MODULES = YES;
				CLANG_ENABLE_OBJC_ARC = YES;
				CLANG_ENABLE_OBJC_WEAK = YES;
				CLANG_WARN_BLOCK_CAPTURE_AUTORELEASING = YES;
				CLANG_WARN_BOOL_CONVERSION = YES;
				CLANG_WARN_COMMA = YES;
				CLANG_WARN_CONSTANT_CONVERSION = YES;
				CLANG_WARN_DEPRECATED_OBJC_IMPLEMENTATIONS = YES;
				CLANG_WARN_DIRECT_OBJC_ISA_USAGE = YES_ERROR;
				CLANG_WARN_DOCUMENTATION_COMMENTS = YES;
				CLANG_WARN_EMPTY_BODY = YES;
				CLANG_WARN_ENUM_CONVERSION = YES;
				CLANG_WARN_INFINITE_RECURSION = YES;
				CLANG_WARN_INT_CONVERSION = YES;
				CLANG_WARN_NON_LITERAL_NULL_CONVERSION = YES;
				CLANG_WARN_OBJC_IMPLICIT_RETAIN_SELF = YES;
				CLANG_WARN_OBJC_LITERAL_CONVERSION = YES;
				CLANG_WARN_OBJC_ROOT_CLASS = YES_ERROR;
				CLANG_WARN_QUOTED_INCLUDE_IN_FRAMEWORK_HEADER = YES;
				CLANG_WARN_RANGE_LOOP_ANALYSIS = YES;
				CLANG_WARN_STRICT_PROTOTYPES = YES;
				CLANG_WARN_SUSPICIOUS_MOVE = YES;
				CLANG_WARN_UNGUARDED_AVAILABILITY = YES_AGGRESSIVE;
				CLANG_WARN_UNREACHABLE_CODE = YES;
				CLANG_WARN__DUPLICATE_METHOD_MATCH = YES;
				COPY_PHASE_STRIP = NO;
				DEBUG_INFORMATION_FORMAT = "dwarf-with-dsym";
				ENABLE_NS_ASSERTIONS = NO;
				ENABLE_STRICT_OBJC_MSGSEND = YES;
				GCC_C_LANGUAGE_STANDARD = gnu11;
				GCC_NO_COMMON_BLOCKS = YES;
				GCC_WARN_64_TO_32_BIT_CONVERSION = YES;
				GCC_WARN_ABOUT_RETURN_TYPE = YES_ERROR;
				GCC_WARN_UNDECLARED_SELECTOR = YES;
				GCC_WARN_UNINITIALIZED_AUTOS = YES_AGGRESSIVE;
				GCC_WARN_UNUSED_FUNCTION = YES;
				GCC_WARN_UNUSED_VARIABLE = YES;
				IPHONEOS_DEPLOYMENT_TARGET = 14.4;
				MTL_ENABLE_DEBUG_INFO = NO;
				MTL_FAST_MATH = YES;
				SDKROOT = iphoneos;
				SWIFT_COMPILATION_MODE = wholemodule;
				SWIFT_OPTIMIZATION_LEVEL = "-O";
				VALIDATE_PRODUCT = YES;
			};
			name = Release;
		};
		A43895382605198700D94865 /* Debug */ = {
			isa = XCBuildConfiguration;
			buildSettings = {
				ASSETCATALOG_COMPILER_APPICON_NAME = AppIcon;
				ASSETCATALOG_COMPILER_GLOBAL_ACCENT_COLOR_NAME = AccentColor;
				CODE_SIGN_STYLE = Automatic;
				DEVELOPMENT_ASSET_PATHS = "\"Recipe Chef/Preview Content\"";
				DEVELOPMENT_TEAM = J369RA97DW;
				ENABLE_PREVIEWS = YES;
				INFOPLIST_FILE = "Recipe Chef/Info.plist";
				IPHONEOS_DEPLOYMENT_TARGET = 14.0;
				LD_RUNPATH_SEARCH_PATHS = (
					"$(inherited)",
					"@executable_path/Frameworks",
				);
				PRODUCT_BUNDLE_IDENTIFIER = "jjeang-recipes.Recipe-Chef";
				PRODUCT_NAME = "$(TARGET_NAME)";
				SWIFT_VERSION = 5.0;
				TARGETED_DEVICE_FAMILY = "1,2";
			};
			name = Debug;
		};
		A43895392605198700D94865 /* Release */ = {
			isa = XCBuildConfiguration;
			buildSettings = {
				ASSETCATALOG_COMPILER_APPICON_NAME = AppIcon;
				ASSETCATALOG_COMPILER_GLOBAL_ACCENT_COLOR_NAME = AccentColor;
				CODE_SIGN_STYLE = Automatic;
				DEVELOPMENT_ASSET_PATHS = "\"Recipe Chef/Preview Content\"";
				DEVELOPMENT_TEAM = J369RA97DW;
				ENABLE_PREVIEWS = YES;
				INFOPLIST_FILE = "Recipe Chef/Info.plist";
				IPHONEOS_DEPLOYMENT_TARGET = 14.0;
				LD_RUNPATH_SEARCH_PATHS = (
					"$(inherited)",
					"@executable_path/Frameworks",
				);
				PRODUCT_BUNDLE_IDENTIFIER = "jjeang-recipes.Recipe-Chef";
				PRODUCT_NAME = "$(TARGET_NAME)";
				SWIFT_VERSION = 5.0;
				TARGETED_DEVICE_FAMILY = "1,2";
			};
			name = Release;
		};
/* End XCBuildConfiguration section */

/* Begin XCConfigurationList section */
		A43895232605197E00D94865 /* Build configuration list for PBXProject "Recipe Chef" */ = {
			isa = XCConfigurationList;
			buildConfigurations = (
				A43895352605198700D94865 /* Debug */,
				A43895362605198700D94865 /* Release */,
			);
			defaultConfigurationIsVisible = 0;
			defaultConfigurationName = Release;
		};
		A43895372605198700D94865 /* Build configuration list for PBXNativeTarget "Recipe Chef" */ = {
			isa = XCConfigurationList;
			buildConfigurations = (
				A43895382605198700D94865 /* Debug */,
				A43895392605198700D94865 /* Release */,
			);
			defaultConfigurationIsVisible = 0;
			defaultConfigurationName = Release;
		};
/* End XCConfigurationList section */
	};
	rootObject = A43895202605197E00D94865 /* Project object */;
}
